
Microsoft Visual Studio Solution File, Format Version 12.00
# Visual Studio 15
VisualStudioVersion = 15.0.27703.2042
MinimumVisualStudioVersion = 10.0.40219.1
Project("{9A19103F-16F7-4668-BE54-9A1E7A4F7556}") = "PDVWebAPI", "PDVWebAPI\PDVWebAPI.csproj", "{821465C4-2EB3-42D4-8D67-26F68F86A6BC}"
EndProject
Project("{FAE04EC0-301F-11D3-BF4B-00C04F79EFBC}") = "Application", "Application\Application.csproj", "{D6015A8C-33B1-47BB-BBE8-2B0BA8167ACA}"
EndProject
Project("{FAE04EC0-301F-11D3-BF4B-00C04F79EFBC}") = "Entity", "Entity\Entity.csproj", "{F5CD0DD6-25A5-41AD-A09C-ACF0B748DE33}"
EndProject
Project("{FAE04EC0-301F-11D3-BF4B-00C04F79EFBC}") = "Repository", "Repository\Repository.csproj", "{5698F850-6C1E-440B-895C-D9BA811E0F7A}"
EndProject
Project("{FAE04EC0-301F-11D3-BF4B-00C04F79EFBC}") = "XUnitTest", "XUnitTest\XUnitTest.csproj", "{EBFAA117-E2FD-41CB-A707-0902AB65668F}"
EndProject
Global
	GlobalSection(SolutionConfigurationPlatforms) = preSolution
		Debug|Any CPU = Debug|Any CPU
		Release|Any CPU = Release|Any CPU
	EndGlobalSection
	GlobalSection(ProjectConfigurationPlatforms) = postSolution
		{821465C4-2EB3-42D4-8D67-26F68F86A6BC}.Debug|Any CPU.ActiveCfg = Debug|Any CPU
		{821465C4-2EB3-42D4-8D67-26F68F86A6BC}.Debug|Any CPU.Build.0 = Debug|Any CPU
		{821465C4-2EB3-42D4-8D67-26F68F86A6BC}.Release|Any CPU.ActiveCfg = Release|Any CPU
		{821465C4-2EB3-42D4-8D67-26F68F86A6BC}.Release|Any CPU.Build.0 = Release|Any CPU
		{D6015A8C-33B1-47BB-BBE8-2B0BA8167ACA}.Debug|Any CPU.ActiveCfg = Debug|Any CPU
		{D6015A8C-33B1-47BB-BBE8-2B0BA8167ACA}.Debug|Any CPU.Build.0 = Debug|Any CPU
		{D6015A8C-33B1-47BB-BBE8-2B0BA8167ACA}.Release|Any CPU.ActiveCfg = Release|Any CPU
		{D6015A8C-33B1-47BB-BBE8-2B0BA8167ACA}.Release|Any CPU.Build.0 = Release|Any CPU
		{F5CD0DD6-25A5-41AD-A09C-ACF0B748DE33}.Debug|Any CPU.ActiveCfg = Debug|Any CPU
		{F5CD0DD6-25A5-41AD-A09C-ACF0B748DE33}.Debug|Any CPU.Build.0 = Debug|Any CPU
		{F5CD0DD6-25A5-41AD-A09C-ACF0B748DE33}.Release|Any CPU.ActiveCfg = Release|Any CPU
		{F5CD0DD6-25A5-41AD-A09C-ACF0B748DE33}.Release|Any CPU.Build.0 = Release|Any CPU
		{5698F850-6C1E-440B-895C-D9BA811E0F7A}.Debug|Any CPU.ActiveCfg = Debug|Any CPU
		{5698F850-6C1E-440B-895C-D9BA811E0F7A}.Debug|Any CPU.Build.0 = Debug|Any CPU
		{5698F850-6C1E-440B-895C-D9BA811E0F7A}.Release|Any CPU.ActiveCfg = Release|Any CPU
		{5698F850-6C1E-440B-895C-D9BA811E0F7A}.Release|Any CPU.Build.0 = Release|Any CPU
		{EBFAA117-E2FD-41CB-A707-0902AB65668F}.Debug|Any CPU.ActiveCfg = Debug|Any CPU
		{EBFAA117-E2FD-41CB-A707-0902AB65668F}.Debug|Any CPU.Build.0 = Debug|Any CPU
		{EBFAA117-E2FD-41CB-A707-0902AB65668F}.Release|Any CPU.ActiveCfg = Release|Any CPU
		{EBFAA117-E2FD-41CB-A707-0902AB65668F}.Release|Any CPU.Build.0 = Release|Any CPU
	EndGlobalSection
	GlobalSection(SolutionProperties) = preSolution
		HideSolutionNode = FALSE
	EndGlobalSection
	GlobalSection(ExtensibilityGlobals) = postSolution
		SolutionGuid = {12EF7374-40FB-4726-9170-367C30CB5368}
	EndGlobalSection
EndGlobal
